Microsoft Visual Studio Solution File, Format Version 11.00
# Visual Studio 2008

Project("{6807A5F0-F35E-5D16-F64C-90315D3F381E}") = "RAGE Game Jam", "Assembly-CSharp-firstpass-vs.csproj", "{781522E4-DF26-C9C7-1F05-B07616DED0E4}"
EndProject
Project("{6807A5F0-F35E-5D16-F64C-90315D3F381E}") = "RAGE Game Jam", "Assembly-CSharp-vs.csproj", "{362C757B-F688-E353-B2DD-DB77A8946E1C}"
EndProject
Global
	GlobalSection(SolutionConfigurationPlatforms) = preSolution
		Debug|Any CPU = Debug|Any CPU
		Release|Any CPU = Release|Any CPU
	EndGlobalSection
	GlobalSection(ProjectConfigurationPlatforms) = postSolution
		{781522E4-DF26-C9C7-1F05-B07616DED0E4}.Debug|Any CPU.ActiveCfg = Debug|Any CPU
		{781522E4-DF26-C9C7-1F05-B07616DED0E4}.Debug|Any CPU.Build.0 = Debug|Any CPU
		{781522E4-DF26-C9C7-1F05-B07616DED0E4}.Release|Any CPU.ActiveCfg = Release|Any CPU
		{781522E4-DF26-C9C7-1F05-B07616DED0E4}.Release|Any CPU.Build.0 = Release|Any CPU
		{362C757B-F688-E353-B2DD-DB77A8946E1C}.Debug|Any CPU.ActiveCfg = Debug|Any CPU
		{362C757B-F688-E353-B2DD-DB77A8946E1C}.Debug|Any CPU.Build.0 = Debug|Any CPU
		{362C757B-F688-E353-B2DD-DB77A8946E1C}.Release|Any CPU.ActiveCfg = Release|Any CPU
		{362C757B-F688-E353-B2DD-DB77A8946E1C}.Release|Any CPU.Build.0 = Release|Any CPU
	EndGlobalSection
	GlobalSection(SolutionProperties) = preSolution
		HideSolutionNode = FALSE
	EndGlobalSection
																GlobalSection(MonoDevelopProperties) = preSolution
		StartupItem = Assembly-CSharp.csproj
		Policies = $0
		$0.TextStylePolicy = $1
		$1.inheritsSet = null
		$1.scope = text/x-csharp
		$0.CSharpFormattingPolicy = $2
		$2.inheritsSet = Mono
		$2.inheritsScope = text/x-csharp
		$2.scope = text/x-csharp
		$0.TextStylePolicy = $3
		$3.FileWidth = 120
		$3.TabWidth = 4
		$3.EolMarker = Unix
		$3.inheritsSet = Mono
		$3.inheritsScope = text/plain
		$3.scope = text/plain
	EndGlobalSection

EndGlobal
